
Microsoft Visual Studio Solution File, Format Version 12.00
# Visual Studio Version 17
VisualStudioVersion = 17.6.33513.286
MinimumVisualStudioVersion = 10.0.40219.1
Project("{9A19103F-16F7-4668-BE54-9A1E7A4F7556}") = "Client", "Client.csproj", "{45C84F77-235A-4F69-9C29-C591B7FE4476}"
EndProject
Project("{9A19103F-16F7-4668-BE54-9A1E7A4F7556}") = "Shared", "..\Shared\Shared.csproj", "{3FC90799-62D2-4B9B-A290-1DBD18CF6DEE}"
EndProject
Global
	GlobalSection(SolutionConfigurationPlatforms) = preSolution
		Debug|Any CPU = Debug|Any CPU
		Release|Any CPU = Release|Any CPU
	EndGlobalSection
	GlobalSection(ProjectConfigurationPlatforms) = postSolution
		{45C84F77-235A-4F69-9C29-C591B7FE4476}.Debug|Any CPU.ActiveCfg = Debug|Any CPU
		{45C84F77-235A-4F69-9C29-C591B7FE4476}.Debug|Any CPU.Build.0 = Debug|Any CPU
		{45C84F77-235A-4F69-9C29-C591B7FE4476}.Release|Any CPU.ActiveCfg = Release|Any CPU
		{45C84F77-235A-4F69-9C29-C591B7FE4476}.Release|Any CPU.Build.0 = Release|Any CPU
		{3FC90799-62D2-4B9B-A290-1DBD18CF6DEE}.Debug|Any CPU.ActiveCfg = Debug|Any CPU
		{3FC90799-62D2-4B9B-A290-1DBD18CF6DEE}.Debug|Any CPU.Build.0 = Debug|Any CPU
		{3FC90799-62D2-4B9B-A290-1DBD18CF6DEE}.Release|Any CPU.ActiveCfg = Release|Any CPU
		{3FC90799-62D2-4B9B-A290-1DBD18CF6DEE}.Release|Any CPU.Build.0 = Release|Any CPU
	EndGlobalSection
	GlobalSection(SolutionProperties) = preSolution
		HideSolutionNode = FALSE
	EndGlobalSection
	GlobalSection(ExtensibilityGlobals) = postSolution
		SolutionGuid = {BBAFE94B-ADF8-41D5-A349-24642B0E4809}
	EndGlobalSection
EndGlobal
